
Microsoft Visual Studio Solution File, Format Version 12.00
# Visual Studio 14
VisualStudioVersion = 14.0.23107.0
MinimumVisualStudioVersion = 10.0.40219.1
Project("{FAE04EC0-301F-11D3-BF4B-00C04F79EFBC}") = "GildedRose", "GildedRose\GildedRose.csproj", "{5B893398-52BB-461A-BFF9-ADCF539D531F}"
EndProject
Project("{FAE04EC0-301F-11D3-BF4B-00C04F79EFBC}") = "GildedRoseTests", "UnitTestProject1\GildedRoseTests.csproj", "{53AB3DAB-A3A1-4673-9C0E-E797441502F8}"
EndProject
Global
	GlobalSection(SolutionConfigurationPlatforms) = preSolution
		Debug|Any CPU = Debug|Any CPU
		Release|Any CPU = Release|Any CPU
	EndGlobalSection
	GlobalSection(ProjectConfigurationPlatforms) = postSolution
		{5B893398-52BB-461A-BFF9-ADCF539D531F}.Debug|Any CPU.ActiveCfg = Debug|Any CPU
		{5B893398-52BB-461A-BFF9-ADCF539D531F}.Debug|Any CPU.Build.0 = Debug|Any CPU
		{5B893398-52BB-461A-BFF9-ADCF539D531F}.Release|Any CPU.ActiveCfg = Release|Any CPU
		{5B893398-52BB-461A-BFF9-ADCF539D531F}.Release|Any CPU.Build.0 = Release|Any CPU
		{53AB3DAB-A3A1-4673-9C0E-E797441502F8}.Debug|Any CPU.ActiveCfg = Debug|Any CPU
		{53AB3DAB-A3A1-4673-9C0E-E797441502F8}.Debug|Any CPU.Build.0 = Debug|Any CPU
		{53AB3DAB-A3A1-4673-9C0E-E797441502F8}.Release|Any CPU.ActiveCfg = Release|Any CPU
		{53AB3DAB-A3A1-4673-9C0E-E797441502F8}.Release|Any CPU.Build.0 = Release|Any CPU
	EndGlobalSection
	GlobalSection(SolutionProperties) = preSolution
		HideSolutionNode = FALSE
	EndGlobalSection
EndGlobal
